// !$*UTF8*$!
{
	archiveVersion = 1;
	classes = {
	};
	objectVersion = 55;
	objects = {

/* Begin PBXBuildFile section */
		B35A4A742876BC2400324C14 /* SideMenuBarViewController.swift in Sources */ = {isa = PBXBuildFile; fileRef = B35A4A732876BC2400324C14 /* SideMenuBarViewController.swift */; };
		B36DCC2528722A7600536879 /* AppDelegate.swift in Sources */ = {isa = PBXBuildFile; fileRef = B36DCC2428722A7600536879 /* AppDelegate.swift */; };
		B36DCC2728722A7600536879 /* SceneDelegate.swift in Sources */ = {isa = PBXBuildFile; fileRef = B36DCC2628722A7600536879 /* SceneDelegate.swift */; };
		B36DCC2928722A7600536879 /* ViewController.swift in Sources */ = {isa = PBXBuildFile; fileRef = B36DCC2828722A7600536879 /* ViewController.swift */; };
		B36DCC2C28722A7600536879 /* Main.storyboard in Resources */ = {isa = PBXBuildFile; fileRef = B36DCC2A28722A7600536879 /* Main.storyboard */; };
		B36DCC2E28722A7900536879 /* Assets.xcassets in Resources */ = {isa = PBXBuildFile; fileRef = B36DCC2D28722A7900536879 /* Assets.xcassets */; };
		B36DCC3128722A7900536879 /* LaunchScreen.storyboard in Resources */ = {isa = PBXBuildFile; fileRef = B36DCC2F28722A7900536879 /* LaunchScreen.storyboard */; };
		B3900F6D2873E2BA00FD9CDA /* Utilities.swift in Sources */ = {isa = PBXBuildFile; fileRef = B3900F6C2873E2BA00FD9CDA /* Utilities.swift */; };
		B39AC67028741CDE004D75B9 /* HomeViewController.swift in Sources */ = {isa = PBXBuildFile; fileRef = B39AC66F28741CDE004D75B9 /* HomeViewController.swift */; };
		B39AC67228741DCC004D75B9 /* Constants.swift in Sources */ = {isa = PBXBuildFile; fileRef = B39AC67128741DCC004D75B9 /* Constants.swift */; };
		B3AED41B28727B980041C504 /* LoginViewController.swift in Sources */ = {isa = PBXBuildFile; fileRef = B3AED41A28727B980041C504 /* LoginViewController.swift */; };
		B3AED41D28727BD40041C504 /* SignUpViewController.swift in Sources */ = {isa = PBXBuildFile; fileRef = B3AED41C28727BD40041C504 /* SignUpViewController.swift */; };
		B3B563D12872A5DD00258607 /* GoogleService-Info.plist in Resources */ = {isa = PBXBuildFile; fileRef = B3B563D02872A5DD00258607 /* GoogleService-Info.plist */; };
		B3DDBFFC2872DD81007AE5A4 /* FirebaseAnalytics in Frameworks */ = {isa = PBXBuildFile; productRef = B3DDBFFB2872DD81007AE5A4 /* FirebaseAnalytics */; };
		B3DDBFFE2872DD81007AE5A4 /* FirebaseAnalyticsOnDeviceConversion in Frameworks */ = {isa = PBXBuildFile; productRef = B3DDBFFD2872DD81007AE5A4 /* FirebaseAnalyticsOnDeviceConversion */; };
		B3DDC0002872DD81007AE5A4 /* FirebaseAnalyticsSwift in Frameworks */ = {isa = PBXBuildFile; productRef = B3DDBFFF2872DD81007AE5A4 /* FirebaseAnalyticsSwift */; };
		B3DDC0022872DD81007AE5A4 /* FirebaseAnalyticsWithoutAdIdSupport in Frameworks */ = {isa = PBXBuildFile; productRef = B3DDC0012872DD81007AE5A4 /* FirebaseAnalyticsWithoutAdIdSupport */; };
		B3DDC0042872DD81007AE5A4 /* FirebaseAppCheck in Frameworks */ = {isa = PBXBuildFile; productRef = B3DDC0032872DD81007AE5A4 /* FirebaseAppCheck */; };
		B3DDC0062872DD81007AE5A4 /* FirebaseAppDistribution-Beta in Frameworks */ = {isa = PBXBuildFile; productRef = B3DDC0052872DD81007AE5A4 /* FirebaseAppDistribution-Beta */; };
		B3DDC0082872DD81007AE5A4 /* FirebaseAuth in Frameworks */ = {isa = PBXBuildFile; productRef = B3DDC0072872DD81007AE5A4 /* FirebaseAuth */; };
		B3DDC00A2872DD81007AE5A4 /* FirebaseAuthCombine-Community in Frameworks */ = {isa = PBXBuildFile; productRef = B3DDC0092872DD81007AE5A4 /* FirebaseAuthCombine-Community */; };
		B3DDC00C2872DD81007AE5A4 /* FirebaseCrashlytics in Frameworks */ = {isa = PBXBuildFile; productRef = B3DDC00B2872DD81007AE5A4 /* FirebaseCrashlytics */; };
		B3DDC00E2872DD81007AE5A4 /* FirebaseDatabase in Frameworks */ = {isa = PBXBuildFile; productRef = B3DDC00D2872DD81007AE5A4 /* FirebaseDatabase */; };
		B3DDC0102872DD81007AE5A4 /* FirebaseDatabaseSwift in Frameworks */ = {isa = PBXBuildFile; productRef = B3DDC00F2872DD81007AE5A4 /* FirebaseDatabaseSwift */; };
		B3DDC0122872DD81007AE5A4 /* FirebaseDynamicLinks in Frameworks */ = {isa = PBXBuildFile; productRef = B3DDC0112872DD81007AE5A4 /* FirebaseDynamicLinks */; };
		B3DDC0142872DD81007AE5A4 /* FirebaseFirestore in Frameworks */ = {isa = PBXBuildFile; productRef = B3DDC0132872DD81007AE5A4 /* FirebaseFirestore */; };
		B3DDC0162872DD81007AE5A4 /* FirebaseFirestoreCombine-Community in Frameworks */ = {isa = PBXBuildFile; productRef = B3DDC0152872DD81007AE5A4 /* FirebaseFirestoreCombine-Community */; };
		B3DDC0182872DD81007AE5A4 /* FirebaseFirestoreSwift in Frameworks */ = {isa = PBXBuildFile; productRef = B3DDC0172872DD81007AE5A4 /* FirebaseFirestoreSwift */; };
		B3DDC01A2872DD81007AE5A4 /* FirebaseFunctions in Frameworks */ = {isa = PBXBuildFile; productRef = B3DDC0192872DD81007AE5A4 /* FirebaseFunctions */; };
		B3DDC01C2872DD81007AE5A4 /* FirebaseFunctionsCombine-Community in Frameworks */ = {isa = PBXBuildFile; productRef = B3DDC01B2872DD81007AE5A4 /* FirebaseFunctionsCombine-Community */; };
		B3DDC01E2872DD81007AE5A4 /* FirebaseInAppMessaging-Beta in Frameworks */ = {isa = PBXBuildFile; productRef = B3DDC01D2872DD81007AE5A4 /* FirebaseInAppMessaging-Beta */; };
		B3DDC0202872DD81007AE5A4 /* FirebaseInAppMessagingSwift-Beta in Frameworks */ = {isa = PBXBuildFile; productRef = B3DDC01F2872DD81007AE5A4 /* FirebaseInAppMessagingSwift-Beta */; };
		B3DDC0222872DD81007AE5A4 /* FirebaseInstallations in Frameworks */ = {isa = PBXBuildFile; productRef = B3DDC0212872DD81007AE5A4 /* FirebaseInstallations */; };
		B3DDC0242872DD81007AE5A4 /* FirebaseMLModelDownloader in Frameworks */ = {isa = PBXBuildFile; productRef = B3DDC0232872DD81007AE5A4 /* FirebaseMLModelDownloader */; };
		B3DDC0262872DD81007AE5A4 /* FirebaseMessaging in Frameworks */ = {isa = PBXBuildFile; productRef = B3DDC0252872DD81007AE5A4 /* FirebaseMessaging */; };
		B3DDC0282872DD81007AE5A4 /* FirebasePerformance in Frameworks */ = {isa = PBXBuildFile; productRef = B3DDC0272872DD81007AE5A4 /* FirebasePerformance */; };
		B3DDC02A2872DD81007AE5A4 /* FirebaseRemoteConfig in Frameworks */ = {isa = PBXBuildFile; productRef = B3DDC0292872DD81007AE5A4 /* FirebaseRemoteConfig */; };
		B3DDC02C2872DD81007AE5A4 /* FirebaseRemoteConfigSwift in Frameworks */ = {isa = PBXBuildFile; productRef = B3DDC02B2872DD81007AE5A4 /* FirebaseRemoteConfigSwift */; };
		B3DDC02E2872DD81007AE5A4 /* FirebaseStorage in Frameworks */ = {isa = PBXBuildFile; productRef = B3DDC02D2872DD81007AE5A4 /* FirebaseStorage */; };
		B3DDC0302872DD81007AE5A4 /* FirebaseStorageCombine-Community in Frameworks */ = {isa = PBXBuildFile; productRef = B3DDC02F2872DD81007AE5A4 /* FirebaseStorageCombine-Community */; };
/* End PBXBuildFile section */

/* Begin PBXFileReference section */
		B35A4A732876BC2400324C14 /* SideMenuBarViewController.swift */ = {isa = PBXFileReference; lastKnownFileType = sourcecode.swift; path = SideMenuBarViewController.swift; sourceTree = "<group>"; };
		B36DCC2128722A7600536879 /* ACE-online.app */ = {isa = PBXFileReference; explicitFileType = wrapper.application; includeInIndex = 0; path = "ACE-online.app"; sourceTree = BUILT_PRODUCTS_DIR; };
		B36DCC2428722A7600536879 /* AppDelegate.swift */ = {isa = PBXFileReference; lastKnownFileType = sourcecode.swift; path = AppDelegate.swift; sourceTree = "<group>"; };
		B36DCC2628722A7600536879 /* SceneDelegate.swift */ = {isa = PBXFileReference; lastKnownFileType = sourcecode.swift; path = SceneDelegate.swift; sourceTree = "<group>"; };
		B36DCC2828722A7600536879 /* ViewController.swift */ = {isa = PBXFileReference; lastKnownFileType = sourcecode.swift; path = ViewController.swift; sourceTree = "<group>"; };
		B36DCC2B28722A7600536879 /* Base */ = {isa = PBXFileReference; lastKnownFileType = file.storyboard; name = Base; path = Base.lproj/Main.storyboard; sourceTree = "<group>"; };
		B36DCC2D28722A7900536879 /* Assets.xcassets */ = {isa = PBXFileReference; lastKnownFileType = folder.assetcatalog; path = Assets.xcassets; sourceTree = "<group>"; };
		B36DCC3028722A7900536879 /* Base */ = {isa = PBXFileReference; lastKnownFileType = file.storyboard; name = Base; path = Base.lproj/LaunchScreen.storyboard; sourceTree = "<group>"; };
		B36DCC3228722A7900536879 /* Info.plist */ = {isa = PBXFileReference; lastKnownFileType = text.plist.xml; path = Info.plist; sourceTree = "<group>"; };
		B3900F6C2873E2BA00FD9CDA /* Utilities.swift */ = {isa = PBXFileReference; fileEncoding = 4; lastKnownFileType = sourcecode.swift; path = Utilities.swift; sourceTree = "<group>"; };
		B39AC66F28741CDE004D75B9 /* HomeViewController.swift */ = {isa = PBXFileReference; lastKnownFileType = sourcecode.swift; path = HomeViewController.swift; sourceTree = "<group>"; };
		B39AC67128741DCC004D75B9 /* Constants.swift */ = {isa = PBXFileReference; lastKnownFileType = sourcecode.swift; path = Constants.swift; sourceTree = "<group>"; };
		B3AED41A28727B980041C504 /* LoginViewController.swift */ = {isa = PBXFileReference; lastKnownFileType = sourcecode.swift; path = LoginViewController.swift; sourceTree = "<group>"; };
		B3AED41C28727BD40041C504 /* SignUpViewController.swift */ = {isa = PBXFileReference; lastKnownFileType = sourcecode.swift; path = SignUpViewController.swift; sourceTree = "<group>"; };
		B3B563D02872A5DD00258607 /* GoogleService-Info.plist */ = {isa = PBXFileReference; fileEncoding = 4; lastKnownFileType = text.plist.xml; path = "GoogleService-Info.plist"; sourceTree = "<group>"; };
/* End PBXFileReference section */

/* Begin PBXFrameworksBuildPhase section */
		B36DCC1E28722A7600536879 /* Frameworks */ = {
			isa = PBXFrameworksBuildPhase;
			buildActionMask = 2147483647;
			files = (
				B3DDC00E2872DD81007AE5A4 /* FirebaseDatabase in Frameworks */,
				B3DDC01C2872DD81007AE5A4 /* FirebaseFunctionsCombine-Community in Frameworks */,
				B3DDC0142872DD81007AE5A4 /* FirebaseFirestore in Frameworks */,
				B3DDC0002872DD81007AE5A4 /* FirebaseAnalyticsSwift in Frameworks */,
				B3DDBFFC2872DD81007AE5A4 /* FirebaseAnalytics in Frameworks */,
				B3DDBFFE2872DD81007AE5A4 /* FirebaseAnalyticsOnDeviceConversion in Frameworks */,
				B3DDC0242872DD81007AE5A4 /* FirebaseMLModelDownloader in Frameworks */,
				B3DDC0182872DD81007AE5A4 /* FirebaseFirestoreSwift in Frameworks */,
				B3DDC0042872DD81007AE5A4 /* FirebaseAppCheck in Frameworks */,
				B3DDC0022872DD81007AE5A4 /* FirebaseAnalyticsWithoutAdIdSupport in Frameworks */,
				B3DDC0082872DD81007AE5A4 /* FirebaseAuth in Frameworks */,
				B3DDC00C2872DD81007AE5A4 /* FirebaseCrashlytics in Frameworks */,
				B3DDC02C2872DD81007AE5A4 /* FirebaseRemoteConfigSwift in Frameworks */,
				B3DDC01E2872DD81007AE5A4 /* FirebaseInAppMessaging-Beta in Frameworks */,
				B3DDC0102872DD81007AE5A4 /* FirebaseDatabaseSwift in Frameworks */,
				B3DDC01A2872DD81007AE5A4 /* FirebaseFunctions in Frameworks */,
				B3DDC0302872DD81007AE5A4 /* FirebaseStorageCombine-Community in Frameworks */,
				B3DDC02A2872DD81007AE5A4 /* FirebaseRemoteConfig in Frameworks */,
				B3DDC0062872DD81007AE5A4 /* FirebaseAppDistribution-Beta in Frameworks */,
				B3DDC00A2872DD81007AE5A4 /* FirebaseAuthCombine-Community in Frameworks */,
				B3DDC0282872DD81007AE5A4 /* FirebasePerformance in Frameworks */,
				B3DDC0202872DD81007AE5A4 /* FirebaseInAppMessagingSwift-Beta in Frameworks */,
				B3DDC02E2872DD81007AE5A4 /* FirebaseStorage in Frameworks */,
				B3DDC0122872DD81007AE5A4 /* FirebaseDynamicLinks in Frameworks */,
				B3DDC0162872DD81007AE5A4 /* FirebaseFirestoreCombine-Community in Frameworks */,
				B3DDC0262872DD81007AE5A4 /* FirebaseMessaging in Frameworks */,
				B3DDC0222872DD81007AE5A4 /* FirebaseInstallations in Frameworks */,
			);
			runOnlyForDeploymentPostprocessing = 0;
		};
/* End PBXFrameworksBuildPhase section */

/* Begin PBXGroup section */
		B36DCC1828722A7600536879 = {
			isa = PBXGroup;
			children = (
				B36DCC2328722A7600536879 /* ACE-online */,
				B36DCC2228722A7600536879 /* Products */,
			);
			sourceTree = "<group>";
		};
		B36DCC2228722A7600536879 /* Products */ = {
			isa = PBXGroup;
			children = (
				B36DCC2128722A7600536879 /* ACE-online.app */,
			);
			name = Products;
			sourceTree = "<group>";
		};
		B36DCC2328722A7600536879 /* ACE-online */ = {
			isa = PBXGroup;
			children = (
				B36DCC2428722A7600536879 /* AppDelegate.swift */,
				B36DCC2628722A7600536879 /* SceneDelegate.swift */,
				B3900F6E2873E2BF00FD9CDA /* Helpers */,
				B3AED41E28727BE30041C504 /* ViewConroller */,
				B36DCC2A28722A7600536879 /* Main.storyboard */,
				B36DCC2D28722A7900536879 /* Assets.xcassets */,
				B36DCC2F28722A7900536879 /* LaunchScreen.storyboard */,
				B36DCC3228722A7900536879 /* Info.plist */,
				B3B563D02872A5DD00258607 /* GoogleService-Info.plist */,
			);
			path = "ACE-online";
			sourceTree = "<group>";
		};
		B3900F6E2873E2BF00FD9CDA /* Helpers */ = {
			isa = PBXGroup;
			children = (
				B3900F6C2873E2BA00FD9CDA /* Utilities.swift */,
				B39AC67128741DCC004D75B9 /* Constants.swift */,
			);
			path = Helpers;
			sourceTree = "<group>";
		};
		B3AED41E28727BE30041C504 /* ViewConroller */ = {
			isa = PBXGroup;
			children = (
				B39AC66F28741CDE004D75B9 /* HomeViewController.swift */,
				B3AED41A28727B980041C504 /* LoginViewController.swift */,
				B3AED41C28727BD40041C504 /* SignUpViewController.swift */,
				B36DCC2828722A7600536879 /* ViewController.swift */,
				B35A4A732876BC2400324C14 /* SideMenuBarViewController.swift */,
			);
			path = ViewConroller;
			sourceTree = "<group>";
		};
/* End PBXGroup section */

/* Begin PBXNativeTarget section */
		B36DCC2028722A7600536879 /* ACE-online */ = {
			isa = PBXNativeTarget;
			buildConfigurationList = B36DCC3528722A7900536879 /* Build configuration list for PBXNativeTarget "ACE-online" */;
			buildPhases = (
				B36DCC1D28722A7600536879 /* Sources */,
				B36DCC1E28722A7600536879 /* Frameworks */,
				B36DCC1F28722A7600536879 /* Resources */,
			);
			buildRules = (
			);
			dependencies = (
			);
			name = "ACE-online";
			packageProductDependencies = (
				B3DDBFFB2872DD81007AE5A4 /* FirebaseAnalytics */,
				B3DDBFFD2872DD81007AE5A4 /* FirebaseAnalyticsOnDeviceConversion */,
				B3DDBFFF2872DD81007AE5A4 /* FirebaseAnalyticsSwift */,
				B3DDC0012872DD81007AE5A4 /* FirebaseAnalyticsWithoutAdIdSupport */,
				B3DDC0032872DD81007AE5A4 /* FirebaseAppCheck */,
				B3DDC0052872DD81007AE5A4 /* FirebaseAppDistribution-Beta */,
				B3DDC0072872DD81007AE5A4 /* FirebaseAuth */,
				B3DDC0092872DD81007AE5A4 /* FirebaseAuthCombine-Community */,
				B3DDC00B2872DD81007AE5A4 /* FirebaseCrashlytics */,
				B3DDC00D2872DD81007AE5A4 /* FirebaseDatabase */,
				B3DDC00F2872DD81007AE5A4 /* FirebaseDatabaseSwift */,
				B3DDC0112872DD81007AE5A4 /* FirebaseDynamicLinks */,
				B3DDC0132872DD81007AE5A4 /* FirebaseFirestore */,
				B3DDC0152872DD81007AE5A4 /* FirebaseFirestoreCombine-Community */,
				B3DDC0172872DD81007AE5A4 /* FirebaseFirestoreSwift */,
				B3DDC0192872DD81007AE5A4 /* FirebaseFunctions */,
				B3DDC01B2872DD81007AE5A4 /* FirebaseFunctionsCombine-Community */,
				B3DDC01D2872DD81007AE5A4 /* FirebaseInAppMessaging-Beta */,
				B3DDC01F2872DD81007AE5A4 /* FirebaseInAppMessagingSwift-Beta */,
				B3DDC0212872DD81007AE5A4 /* FirebaseInstallations */,
				B3DDC0232872DD81007AE5A4 /* FirebaseMLModelDownloader */,
				B3DDC0252872DD81007AE5A4 /* FirebaseMessaging */,
				B3DDC0272872DD81007AE5A4 /* FirebasePerformance */,
				B3DDC0292872DD81007AE5A4 /* FirebaseRemoteConfig */,
				B3DDC02B2872DD81007AE5A4 /* FirebaseRemoteConfigSwift */,
				B3DDC02D2872DD81007AE5A4 /* FirebaseStorage */,
				B3DDC02F2872DD81007AE5A4 /* FirebaseStorageCombine-Community */,
			);
			productName = "ACE-online";
			productReference = B36DCC2128722A7600536879 /* ACE-online.app */;
			productType = "com.apple.product-type.application";
		};
/* End PBXNativeTarget section */

/* Begin PBXProject section */
		B36DCC1928722A7600536879 /* Project object */ = {
			isa = PBXProject;
			attributes = {
				BuildIndependentTargetsInParallel = 1;
				LastSwiftUpdateCheck = 1340;
				LastUpgradeCheck = 1340;
				TargetAttributes = {
					B36DCC2028722A7600536879 = {
						CreatedOnToolsVersion = 13.4.1;
					};
				};
			};
			buildConfigurationList = B36DCC1C28722A7600536879 /* Build configuration list for PBXProject "ACE-online" */;
			compatibilityVersion = "Xcode 13.0";
			developmentRegion = en;
			hasScannedForEncodings = 0;
			knownRegions = (
				en,
				Base,
			);
			mainGroup = B36DCC1828722A7600536879;
			packageReferences = (
				B3DDBFFA2872DD81007AE5A4 /* XCRemoteSwiftPackageReference "firebase-ios-sdk" */,
			);
			productRefGroup = B36DCC2228722A7600536879 /* Products */;
			projectDirPath = "";
			projectRoot = "";
			targets = (
				B36DCC2028722A7600536879 /* ACE-online */,
			);
		};
/* End PBXProject section */

/* Begin PBXResourcesBuildPhase section */
		B36DCC1F28722A7600536879 /* Resources */ = {
			isa = PBXResourcesBuildPhase;
			buildActionMask = 2147483647;
			files = (
				B36DCC3128722A7900536879 /* LaunchScreen.storyboard in Resources */,
				B3B563D12872A5DD00258607 /* GoogleService-Info.plist in Resources */,
				B36DCC2E28722A7900536879 /* Assets.xcassets in Resources */,
				B36DCC2C28722A7600536879 /* Main.storyboard in Resources */,
			);
			runOnlyForDeploymentPostprocessing = 0;
		};
/* End PBXResourcesBuildPhase section */

/* Begin PBXSourcesBuildPhase section */
		B36DCC1D28722A7600536879 /* Sources */ = {
			isa = PBXSourcesBuildPhase;
			buildActionMask = 2147483647;
			files = (
				B3900F6D2873E2BA00FD9CDA /* Utilities.swift in Sources */,
				B35A4A742876BC2400324C14 /* SideMenuBarViewController.swift in Sources */,
				B3AED41D28727BD40041C504 /* SignUpViewController.swift in Sources */,
				B3AED41B28727B980041C504 /* LoginViewController.swift in Sources */,
				B36DCC2928722A7600536879 /* ViewController.swift in Sources */,
				B36DCC2528722A7600536879 /* AppDelegate.swift in Sources */,
				B39AC67028741CDE004D75B9 /* HomeViewController.swift in Sources */,
				B36DCC2728722A7600536879 /* SceneDelegate.swift in Sources */,
				B39AC67228741DCC004D75B9 /* Constants.swift in Sources */,
			);
			runOnlyForDeploymentPostprocessing = 0;
		};
/* End PBXSourcesBuildPhase section */

/* Begin PBXVariantGroup section */
		B36DCC2A28722A7600536879 /* Main.storyboard */ = {
			isa = PBXVariantGroup;
			children = (
				B36DCC2B28722A7600536879 /* Base */,
			);
			name = Main.storyboard;
			sourceTree = "<group>";
		};
		B36DCC2F28722A7900536879 /* LaunchScreen.storyboard */ = {
			isa = PBXVariantGroup;
			children = (
				B36DCC3028722A7900536879 /* Base */,
			);
			name = LaunchScreen.storyboard;
			sourceTree = "<group>";
		};
/* End PBXVariantGroup section */

/* Begin XCBuildConfiguration section */
		B36DCC3328722A7900536879 /* Debug */ = {
			isa = XCBuildConfiguration;
			buildSettings = {
				ALWAYS_SEARCH_USER_PATHS = NO;
				CLANG_ANALYZER_NONNULL = YES;
				CLANG_ANALYZER_NUMBER_OBJECT_CONVERSION = YES_AGGRESSIVE;
				CLANG_CXX_LANGUAGE_STANDARD = "gnu++17";
				CLANG_ENABLE_MODULES = YES;
				CLANG_ENABLE_OBJC_ARC = YES;
				CLANG_ENABLE_OBJC_WEAK = YES;
				CLANG_WARN_BLOCK_CAPTURE_AUTORELEASING = YES;
				CLANG_WARN_BOOL_CONVERSION = YES;
				CLANG_WARN_COMMA = YES;
				CLANG_WARN_CONSTANT_CONVERSION = YES;
				CLANG_WARN_DEPRECATED_OBJC_IMPLEMENTATIONS = YES;
				CLANG_WARN_DIRECT_OBJC_ISA_USAGE = YES_ERROR;
				CLANG_WARN_DOCUMENTATION_COMMENTS = YES;
				CLANG_WARN_EMPTY_BODY = YES;
				CLANG_WARN_ENUM_CONVERSION = YES;
				CLANG_WARN_INFINITE_RECURSION = YES;
				CLANG_WARN_INT_CONVERSION = YES;
				CLANG_WARN_NON_LITERAL_NULL_CONVERSION = YES;
				CLANG_WARN_OBJC_IMPLICIT_RETAIN_SELF = YES;
				CLANG_WARN_OBJC_LITERAL_CONVERSION = YES;
				CLANG_WARN_OBJC_ROOT_CLASS = YES_ERROR;
				CLANG_WARN_QUOTED_INCLUDE_IN_FRAMEWORK_HEADER = YES;
				CLANG_WARN_RANGE_LOOP_ANALYSIS = YES;
				CLANG_WARN_STRICT_PROTOTYPES = YES;
				CLANG_WARN_SUSPICIOUS_MOVE = YES;
				CLANG_WARN_UNGUARDED_AVAILABILITY = YES_AGGRESSIVE;
				CLANG_WARN_UNREACHABLE_CODE = YES;
				CLANG_WARN__DUPLICATE_METHOD_MATCH = YES;
				COPY_PHASE_STRIP = NO;
				DEBUG_INFORMATION_FORMAT = dwarf;
				ENABLE_STRICT_OBJC_MSGSEND = YES;
				ENABLE_TESTABILITY = YES;
				GCC_C_LANGUAGE_STANDARD = gnu11;
				GCC_DYNAMIC_NO_PIC = NO;
				GCC_NO_COMMON_BLOCKS = YES;
				GCC_OPTIMIZATION_LEVEL = 0;
				GCC_PREPROCESSOR_DEFINITIONS = (
					"DEBUG=1",
					"$(inherited)",
				);
				GCC_WARN_64_TO_32_BIT_CONVERSION = YES;
				GCC_WARN_ABOUT_RETURN_TYPE = YES_ERROR;
				GCC_WARN_UNDECLARED_SELECTOR = YES;
				GCC_WARN_UNINITIALIZED_AUTOS = YES_AGGRESSIVE;
				GCC_WARN_UNUSED_FUNCTION = YES;
				GCC_WARN_UNUSED_VARIABLE = YES;
				IPHONEOS_DEPLOYMENT_TARGET = 15.5;
				MTL_ENABLE_DEBUG_INFO = INCLUDE_SOURCE;
				MTL_FAST_MATH = YES;
				ONLY_ACTIVE_ARCH = YES;
				SDKROOT = iphoneos;
				SWIFT_ACTIVE_COMPILATION_CONDITIONS = DEBUG;
				SWIFT_OPTIMIZATION_LEVEL = "-Onone";
			};
			name = Debug;
		};
		B36DCC3428722A7900536879 /* Release */ = {
			isa = XCBuildConfiguration;
			buildSettings = {
				ALWAYS_SEARCH_USER_PATHS = NO;
				CLANG_ANALYZER_NONNULL = YES;
				CLANG_ANALYZER_NUMBER_OBJECT_CONVERSION = YES_AGGRESSIVE;
				CLANG_CXX_LANGUAGE_STANDARD = "gnu++17";
				CLANG_ENABLE_MODULES = YES;
				CLANG_ENABLE_OBJC_ARC = YES;
				CLANG_ENABLE_OBJC_WEAK = YES;
				CLANG_WARN_BLOCK_CAPTURE_AUTORELEASING = YES;
				CLANG_WARN_BOOL_CONVERSION = YES;
				CLANG_WARN_COMMA = YES;
				CLANG_WARN_CONSTANT_CONVERSION = YES;
				CLANG_WARN_DEPRECATED_OBJC_IMPLEMENTATIONS = YES;
				CLANG_WARN_DIRECT_OBJC_ISA_USAGE = YES_ERROR;
				CLANG_WARN_DOCUMENTATION_COMMENTS = YES;
				CLANG_WARN_EMPTY_BODY = YES;
				CLANG_WARN_ENUM_CONVERSION = YES;
				CLANG_WARN_INFINITE_RECURSION = YES;
				CLANG_WARN_INT_CONVERSION = YES;
				CLANG_WARN_NON_LITERAL_NULL_CONVERSION = YES;
				CLANG_WARN_OBJC_IMPLICIT_RETAIN_SELF = YES;
				CLANG_WARN_OBJC_LITERAL_CONVERSION = YES;
				CLANG_WARN_OBJC_ROOT_CLASS = YES_ERROR;
				CLANG_WARN_QUOTED_INCLUDE_IN_FRAMEWORK_HEADER = YES;
				CLANG_WARN_RANGE_LOOP_ANALYSIS = YES;
				CLANG_WARN_STRICT_PROTOTYPES = YES;
				CLANG_WARN_SUSPICIOUS_MOVE = YES;
				CLANG_WARN_UNGUARDED_AVAILABILITY = YES_AGGRESSIVE;
				CLANG_WARN_UNREACHABLE_CODE = YES;
				CLANG_WARN__DUPLICATE_METHOD_MATCH = YES;
				COPY_PHASE_STRIP = NO;
				DEBUG_INFORMATION_FORMAT = "dwarf-with-dsym";
				ENABLE_NS_ASSERTIONS = NO;
				ENABLE_STRICT_OBJC_MSGSEND = YES;
				GCC_C_LANGUAGE_STANDARD = gnu11;
				GCC_NO_COMMON_BLOCKS = YES;
				GCC_WARN_64_TO_32_BIT_CONVERSION = YES;
				GCC_WARN_ABOUT_RETURN_TYPE = YES_ERROR;
				GCC_WARN_UNDECLARED_SELECTOR = YES;
				GCC_WARN_UNINITIALIZED_AUTOS = YES_AGGRESSIVE;
				GCC_WARN_UNUSED_FUNCTION = YES;
				GCC_WARN_UNUSED_VARIABLE = YES;
				IPHONEOS_DEPLOYMENT_TARGET = 15.5;
				MTL_ENABLE_DEBUG_INFO = NO;
				MTL_FAST_MATH = YES;
				SDKROOT = iphoneos;
				SWIFT_COMPILATION_MODE = wholemodule;
				SWIFT_OPTIMIZATION_LEVEL = "-O";
				VALIDATE_PRODUCT = YES;
			};
			name = Release;
		};
		B36DCC3628722A7900536879 /* Debug */ = {
			isa = XCBuildConfiguration;
			buildSettings = {
				ASSETCATALOG_COMPILER_APPICON_NAME = AppIcon;
				ASSETCATALOG_COMPILER_GLOBAL_ACCENT_COLOR_NAME = AccentColor;
				ASSETCATALOG_COMPILER_INCLUDE_ALL_APPICON_ASSETS = NO;
				CODE_SIGN_STYLE = Automatic;
				CURRENT_PROJECT_VERSION = 1;
				DEVELOPMENT_TEAM = 7J65Q85R3P;
				GENERATE_INFOPLIST_FILE = YES;
				INFOPLIST_FILE = "ACE-online/Info.plist";
				INFOPLIST_KEY_UIApplicationSupportsIndirectInputEvents = YES;
				INFOPLIST_KEY_UILaunchStoryboardName = LaunchScreen;
				INFOPLIST_KEY_UIMainStoryboardFile = Main;
				INFOPLIST_KEY_UISupportedInterfaceOrientations = "UIInterfaceOrientationPortrait UIInterfaceOrientationLandscapeLeft UIInterfaceOrientationLandscapeRight";
				INFOPLIST_KEY_UISupportedInterfaceOrientations_iPad = "UIInterfaceOrientationPortrait UIInterfaceOrientationPortraitUpsideDown UIInterfaceOrientationLandscapeLeft UIInterfaceOrientationLandscapeRight";
				INFOPLIST_KEY_UISupportedInterfaceOrientations_iPhone = "UIInterfaceOrientationPortrait UIInterfaceOrientationLandscapeLeft UIInterfaceOrientationLandscapeRight";
				IPHONEOS_DEPLOYMENT_TARGET = 13.0;
				LD_RUNPATH_SEARCH_PATHS = (
					"$(inherited)",
					"@executable_path/Frameworks",
				);
				MARKETING_VERSION = 1.0;
				PRODUCT_BUNDLE_IDENTIFIER = "com.priyanshuchouhan.ACE-online";
				PRODUCT_NAME = "$(TARGET_NAME)";
				SWIFT_EMIT_LOC_STRINGS = YES;
				SWIFT_VERSION = 5.0;
				TARGETED_DEVICE_FAMILY = "1,2";
			};
			name = Debug;
		};
		B36DCC3728722A7900536879 /* Release */ = {
			isa = XCBuildConfiguration;
			buildSettings = {
				ASSETCATALOG_COMPILER_APPICON_NAME = AppIcon;
				ASSETCATALOG_COMPILER_GLOBAL_ACCENT_COLOR_NAME = AccentColor;
				ASSETCATALOG_COMPILER_INCLUDE_ALL_APPICON_ASSETS = NO;
				CODE_SIGN_STYLE = Automatic;
				CURRENT_PROJECT_VERSION = 1;
				DEVELOPMENT_TEAM = 7J65Q85R3P;
				GENERATE_INFOPLIST_FILE = YES;
				INFOPLIST_FILE = "ACE-online/Info.plist";
				INFOPLIST_KEY_UIApplicationSupportsIndirectInputEvents = YES;
				INFOPLIST_KEY_UILaunchStoryboardName = LaunchScreen;
				INFOPLIST_KEY_UIMainStoryboardFile = Main;
				INFOPLIST_KEY_UISupportedInterfaceOrientations = "UIInterfaceOrientationPortrait UIInterfaceOrientationLandscapeLeft UIInterfaceOrientationLandscapeRight";
				INFOPLIST_KEY_UISupportedInterfaceOrientations_iPad = "UIInterfaceOrientationPortrait UIInterfaceOrientationPortraitUpsideDown UIInterfaceOrientationLandscapeLeft UIInterfaceOrientationLandscapeRight";
				INFOPLIST_KEY_UISupportedInterfaceOrientations_iPhone = "UIInterfaceOrientationPortrait UIInterfaceOrientationLandscapeLeft UIInterfaceOrientationLandscapeRight";
				IPHONEOS_DEPLOYMENT_TARGET = 13.0;
				LD_RUNPATH_SEARCH_PATHS = (
					"$(inherited)",
					"@executable_path/Frameworks",
				);
				MARKETING_VERSION = 1.0;
				PRODUCT_BUNDLE_IDENTIFIER = "com.priyanshuchouhan.ACE-online";
				PRODUCT_NAME = "$(TARGET_NAME)";
				SWIFT_EMIT_LOC_STRINGS = YES;
				SWIFT_VERSION = 5.0;
				TARGETED_DEVICE_FAMILY = "1,2";
			};
			name = Release;
		};
/* End XCBuildConfiguration section */

/* Begin XCConfigurationList section */
		B36DCC1C28722A7600536879 /* Build configuration list for PBXProject "ACE-online" */ = {
			isa = XCConfigurationList;
			buildConfigurations = (
				B36DCC3328722A7900536879 /* Debug */,
				B36DCC3428722A7900536879 /* Release */,
			);
			defaultConfigurationIsVisible = 0;
			defaultConfigurationName = Release;
		};
		B36DCC3528722A7900536879 /* Build configuration list for PBXNativeTarget "ACE-online" */ = {
			isa = XCConfigurationList;
			buildConfigurations = (
				B36DCC3628722A7900536879 /* Debug */,
				B36DCC3728722A7900536879 /* Release */,
			);
			defaultConfigurationIsVisible = 0;
			defaultConfigurationName = Release;
		};
/* End XCConfigurationList section */

/* Begin XCRemoteSwiftPackageReference section */
		B3DDBFFA2872DD81007AE5A4 /* XCRemoteSwiftPackageReference "firebase-ios-sdk" */ = {
			isa = XCRemoteSwiftPackageReference;
			repositoryURL = "https://github.com/firebase/firebase-ios-sdk";
			requirement = {
				branch = master;
				kind = branch;
			};
		};
/* End XCRemoteSwiftPackageReference section */

/* Begin XCSwiftPackageProductDependency section */
		B3DDBFFB2872DD81007AE5A4 /* FirebaseAnalytics */ = {
			isa = XCSwiftPackageProductDependency;
			package = B3DDBFFA2872DD81007AE5A4 /* XCRemoteSwiftPackageReference "firebase-ios-sdk" */;
			productName = FirebaseAnalytics;
		};
		B3DDBFFD2872DD81007AE5A4 /* FirebaseAnalyticsOnDeviceConversion */ = {
			isa = XCSwiftPackageProductDependency;
			package = B3DDBFFA2872DD81007AE5A4 /* XCRemoteSwiftPackageReference "firebase-ios-sdk" */;
			productName = FirebaseAnalyticsOnDeviceConversion;
		};
		B3DDBFFF2872DD81007AE5A4 /* FirebaseAnalyticsSwift */ = {
			isa = XCSwiftPackageProductDependency;
			package = B3DDBFFA2872DD81007AE5A4 /* XCRemoteSwiftPackageReference "firebase-ios-sdk" */;
			productName = FirebaseAnalyticsSwift;
		};
		B3DDC0012872DD81007AE5A4 /* FirebaseAnalyticsWithoutAdIdSupport */ = {
			isa = XCSwiftPackageProductDependency;
			package = B3DDBFFA2872DD81007AE5A4 /* XCRemoteSwiftPackageReference "firebase-ios-sdk" */;
			productName = FirebaseAnalyticsWithoutAdIdSupport;
		};
		B3DDC0032872DD81007AE5A4 /* FirebaseAppCheck */ = {
			isa = XCSwiftPackageProductDependency;
			package = B3DDBFFA2872DD81007AE5A4 /* XCRemoteSwiftPackageReference "firebase-ios-sdk" */;
			productName = FirebaseAppCheck;
		};
		B3DDC0052872DD81007AE5A4 /* FirebaseAppDistribution-Beta */ = {
			isa = XCSwiftPackageProductDependency;
			package = B3DDBFFA2872DD81007AE5A4 /* XCRemoteSwiftPackageReference "firebase-ios-sdk" */;
			productName = "FirebaseAppDistribution-Beta";
		};
		B3DDC0072872DD81007AE5A4 /* FirebaseAuth */ = {
			isa = XCSwiftPackageProductDependency;
			package = B3DDBFFA2872DD81007AE5A4 /* XCRemoteSwiftPackageReference "firebase-ios-sdk" */;
			productName = FirebaseAuth;
		};
		B3DDC0092872DD81007AE5A4 /* FirebaseAuthCombine-Community */ = {
			isa = XCSwiftPackageProductDependency;
			package = B3DDBFFA2872DD81007AE5A4 /* XCRemoteSwiftPackageReference "firebase-ios-sdk" */;
			productName = "FirebaseAuthCombine-Community";
		};
		B3DDC00B2872DD81007AE5A4 /* FirebaseCrashlytics */ = {
			isa = XCSwiftPackageProductDependency;
			package = B3DDBFFA2872DD81007AE5A4 /* XCRemoteSwiftPackageReference "firebase-ios-sdk" */;
			productName = FirebaseCrashlytics;
		};
		B3DDC00D2872DD81007AE5A4 /* FirebaseDatabase */ = {
			isa = XCSwiftPackageProductDependency;
			package = B3DDBFFA2872DD81007AE5A4 /* XCRemoteSwiftPackageReference "firebase-ios-sdk" */;
			productName = FirebaseDatabase;
		};
		B3DDC00F2872DD81007AE5A4 /* FirebaseDatabaseSwift */ = {
			isa = XCSwiftPackageProductDependency;
			package = B3DDBFFA2872DD81007AE5A4 /* XCRemoteSwiftPackageReference "firebase-ios-sdk" */;
			productName = FirebaseDatabaseSwift;
		};
		B3DDC0112872DD81007AE5A4 /* FirebaseDynamicLinks */ = {
			isa = XCSwiftPackageProductDependency;
			package = B3DDBFFA2872DD81007AE5A4 /* XCRemoteSwiftPackageReference "firebase-ios-sdk" */;
			productName = FirebaseDynamicLinks;
		};
		B3DDC0132872DD81007AE5A4 /* FirebaseFirestore */ = {
			isa = XCSwiftPackageProductDependency;
			package = B3DDBFFA2872DD81007AE5A4 /* XCRemoteSwiftPackageReference "firebase-ios-sdk" */;
			productName = FirebaseFirestore;
		};
		B3DDC0152872DD81007AE5A4 /* FirebaseFirestoreCombine-Community */ = {
			isa = XCSwiftPackageProductDependency;
			package = B3DDBFFA2872DD81007AE5A4 /* XCRemoteSwiftPackageReference "firebase-ios-sdk" */;
			productName = "FirebaseFirestoreCombine-Community";
		};
		B3DDC0172872DD81007AE5A4 /* FirebaseFirestoreSwift */ = {
			isa = XCSwiftPackageProductDependency;
			package = B3DDBFFA2872DD81007AE5A4 /* XCRemoteSwiftPackageReference "firebase-ios-sdk" */;
			productName = FirebaseFirestoreSwift;
		};
		B3DDC0192872DD81007AE5A4 /* FirebaseFunctions */ = {
			isa = XCSwiftPackageProductDependency;
			package = B3DDBFFA2872DD81007AE5A4 /* XCRemoteSwiftPackageReference "firebase-ios-sdk" */;
			productName = FirebaseFunctions;
		};
		B3DDC01B2872DD81007AE5A4 /* FirebaseFunctionsCombine-Community */ = {
			isa = XCSwiftPackageProductDependency;
			package = B3DDBFFA2872DD81007AE5A4 /* XCRemoteSwiftPackageReference "firebase-ios-sdk" */;
			productName = "FirebaseFunctionsCombine-Community";
		};
		B3DDC01D2872DD81007AE5A4 /* FirebaseInAppMessaging-Beta */ = {
			isa = XCSwiftPackageProductDependency;
			package = B3DDBFFA2872DD81007AE5A4 /* XCRemoteSwiftPackageReference "firebase-ios-sdk" */;
			productName = "FirebaseInAppMessaging-Beta";
		};
		B3DDC01F2872DD81007AE5A4 /* FirebaseInAppMessagingSwift-Beta */ = {
			isa = XCSwiftPackageProductDependency;
			package = B3DDBFFA2872DD81007AE5A4 /* XCRemoteSwiftPackageReference "firebase-ios-sdk" */;
			productName = "FirebaseInAppMessagingSwift-Beta";
		};
		B3DDC0212872DD81007AE5A4 /* FirebaseInstallations */ = {
			isa = XCSwiftPackageProductDependency;
			package = B3DDBFFA2872DD81007AE5A4 /* XCRemoteSwiftPackageReference "firebase-ios-sdk" */;
			productName = FirebaseInstallations;
		};
		B3DDC0232872DD81007AE5A4 /* FirebaseMLModelDownloader */ = {
			isa = XCSwiftPackageProductDependency;
			package = B3DDBFFA2872DD81007AE5A4 /* XCRemoteSwiftPackageReference "firebase-ios-sdk" */;
			productName = FirebaseMLModelDownloader;
		};
		B3DDC0252872DD81007AE5A4 /* FirebaseMessaging */ = {
			isa = XCSwiftPackageProductDependency;
			package = B3DDBFFA2872DD81007AE5A4 /* XCRemoteSwiftPackageReference "firebase-ios-sdk" */;
			productName = FirebaseMessaging;
		};
		B3DDC0272872DD81007AE5A4 /* FirebasePerformance */ = {
			isa = XCSwiftPackageProductDependency;
			package = B3DDBFFA2872DD81007AE5A4 /* XCRemoteSwiftPackageReference "firebase-ios-sdk" */;
			productName = FirebasePerformance;
		};
		B3DDC0292872DD81007AE5A4 /* FirebaseRemoteConfig */ = {
			isa = XCSwiftPackageProductDependency;
			package = B3DDBFFA2872DD81007AE5A4 /* XCRemoteSwiftPackageReference "firebase-ios-sdk" */;
			productName = FirebaseRemoteConfig;
		};
		B3DDC02B2872DD81007AE5A4 /* FirebaseRemoteConfigSwift */ = {
			isa = XCSwiftPackageProductDependency;
			package = B3DDBFFA2872DD81007AE5A4 /* XCRemoteSwiftPackageReference "firebase-ios-sdk" */;
			productName = FirebaseRemoteConfigSwift;
		};
		B3DDC02D2872DD81007AE5A4 /* FirebaseStorage */ = {
			isa = XCSwiftPackageProductDependency;
			package = B3DDBFFA2872DD81007AE5A4 /* XCRemoteSwiftPackageReference "firebase-ios-sdk" */;
			productName = FirebaseStorage;
		};
		B3DDC02F2872DD81007AE5A4 /* FirebaseStorageCombine-Community */ = {
			isa = XCSwiftPackageProductDependency;
			package = B3DDBFFA2872DD81007AE5A4 /* XCRemoteSwiftPackageReference "firebase-ios-sdk" */;
			productName = "FirebaseStorageCombine-Community";
		};
/* End XCSwiftPackageProductDependency section */
	};
	rootObject = B36DCC1928722A7600536879 /* Project object */;
}
